
Microsoft Visual Studio Solution File, Format Version 12.00
# Visual Studio Version 17
VisualStudioVersion = 17.9.34701.34
MinimumVisualStudioVersion = 10.0.40219.1
Project("{2150E333-8FDC-42A3-9474-1A3956D46DE8}") = "API", "API", "{4A9B0ABC-E557-4DBF-A29B-9F10D6FAAB0B}"
EndProject
Project("{2150E333-8FDC-42A3-9474-1A3956D46DE8}") = "Application", "Application", "{048D2F11-F6E2-4478-9A9F-9DEA2A0BE6D6}"
EndProject
Project("{2150E333-8FDC-42A3-9474-1A3956D46DE8}") = "Domain", "Domain", "{E28E63A3-F365-42A5-A829-CECA9C50B206}"
EndProject
Project("{2150E333-8FDC-42A3-9474-1A3956D46DE8}") = "Infrastructure", "Infrastructure", "{060A9064-3196-4A36-AC87-FC7BDDF549AA}"
EndProject
Project("{9A19103F-16F7-4668-BE54-9A1E7A4F7556}") = "RMS.Application", "RMS.Application\RMS.Application.csproj", "{6923E445-228E-492E-93BB-03F242CE365D}"
EndProject
Project("{9A19103F-16F7-4668-BE54-9A1E7A4F7556}") = "RMS.Application.Tests", "RMS.Application.Tests\RMS.Application.Tests.csproj", "{A6A6D7F7-7A3C-47E9-B1CB-667B0FB213C9}"
EndProject
Project("{9A19103F-16F7-4668-BE54-9A1E7A4F7556}") = "RMS.Domain", "RMS.Domain\RMS.Domain.csproj", "{2D4C8A4E-9F80-4730-AA3B-F58C55ACD529}"
EndProject
Project("{9A19103F-16F7-4668-BE54-9A1E7A4F7556}") = "RMS.Domain.Tests", "RMS.Domain.Tests\RMS.Domain.Tests.csproj", "{81B032CB-A798-48DE-9C18-34C257263560}"
EndProject
Project("{9A19103F-16F7-4668-BE54-9A1E7A4F7556}") = "RMS.Infrastructure", "RMS.Infrastructure\RMS.Infrastructure.csproj", "{B2F23276-725F-4FDD-A5A0-E12BEB2C9048}"
EndProject
Project("{9A19103F-16F7-4668-BE54-9A1E7A4F7556}") = "RMS.Infrasturcture.Tests", "RMS.Infrasturcture.Tests\RMS.Infrasturcture.Tests.csproj", "{EA25540D-5A24-4513-A220-47DF3A28D42B}"
EndProject
Project("{9A19103F-16F7-4668-BE54-9A1E7A4F7556}") = "RMS.WEBAPI", "RMS.API\RMS.WEBAPI.csproj", "{F5410C5E-C0B3-4A6C-A7FC-83A12E98115D}"
EndProject
Project("{FAE04EC0-301F-11D3-BF4B-00C04F79EFBC}") = "RMS.WEBAPI.Tests", "RMS.WEBAPI.Tests\RMS.WEBAPI.Tests.csproj", "{03BB691C-C6E7-4B16-B049-49E6E6F06FBC}"
EndProject
Global
	GlobalSection(SolutionConfigurationPlatforms) = preSolution
		Debug|Any CPU = Debug|Any CPU
		Release|Any CPU = Release|Any CPU
	EndGlobalSection
	GlobalSection(ProjectConfigurationPlatforms) = postSolution
		{6923E445-228E-492E-93BB-03F242CE365D}.Debug|Any CPU.ActiveCfg = Debug|Any CPU
		{6923E445-228E-492E-93BB-03F242CE365D}.Debug|Any CPU.Build.0 = Debug|Any CPU
		{6923E445-228E-492E-93BB-03F242CE365D}.Release|Any CPU.ActiveCfg = Release|Any CPU
		{6923E445-228E-492E-93BB-03F242CE365D}.Release|Any CPU.Build.0 = Release|Any CPU
		{A6A6D7F7-7A3C-47E9-B1CB-667B0FB213C9}.Debug|Any CPU.ActiveCfg = Debug|Any CPU
		{A6A6D7F7-7A3C-47E9-B1CB-667B0FB213C9}.Debug|Any CPU.Build.0 = Debug|Any CPU
		{A6A6D7F7-7A3C-47E9-B1CB-667B0FB213C9}.Release|Any CPU.ActiveCfg = Release|Any CPU
		{A6A6D7F7-7A3C-47E9-B1CB-667B0FB213C9}.Release|Any CPU.Build.0 = Release|Any CPU
		{2D4C8A4E-9F80-4730-AA3B-F58C55ACD529}.Debug|Any CPU.ActiveCfg = Debug|Any CPU
		{2D4C8A4E-9F80-4730-AA3B-F58C55ACD529}.Debug|Any CPU.Build.0 = Debug|Any CPU
		{2D4C8A4E-9F80-4730-AA3B-F58C55ACD529}.Release|Any CPU.ActiveCfg = Release|Any CPU
		{2D4C8A4E-9F80-4730-AA3B-F58C55ACD529}.Release|Any CPU.Build.0 = Release|Any CPU
		{81B032CB-A798-48DE-9C18-34C257263560}.Debug|Any CPU.ActiveCfg = Debug|Any CPU
		{81B032CB-A798-48DE-9C18-34C257263560}.Debug|Any CPU.Build.0 = Debug|Any CPU
		{81B032CB-A798-48DE-9C18-34C257263560}.Release|Any CPU.ActiveCfg = Release|Any CPU
		{81B032CB-A798-48DE-9C18-34C257263560}.Release|Any CPU.Build.0 = Release|Any CPU
		{B2F23276-725F-4FDD-A5A0-E12BEB2C9048}.Debug|Any CPU.ActiveCfg = Debug|Any CPU
		{B2F23276-725F-4FDD-A5A0-E12BEB2C9048}.Debug|Any CPU.Build.0 = Debug|Any CPU
		{B2F23276-725F-4FDD-A5A0-E12BEB2C9048}.Release|Any CPU.ActiveCfg = Release|Any CPU
		{B2F23276-725F-4FDD-A5A0-E12BEB2C9048}.Release|Any CPU.Build.0 = Release|Any CPU
		{EA25540D-5A24-4513-A220-47DF3A28D42B}.Debug|Any CPU.ActiveCfg = Debug|Any CPU
		{EA25540D-5A24-4513-A220-47DF3A28D42B}.Debug|Any CPU.Build.0 = Debug|Any CPU
		{EA25540D-5A24-4513-A220-47DF3A28D42B}.Release|Any CPU.ActiveCfg = Release|Any CPU
		{EA25540D-5A24-4513-A220-47DF3A28D42B}.Release|Any CPU.Build.0 = Release|Any CPU
		{F5410C5E-C0B3-4A6C-A7FC-83A12E98115D}.Debug|Any CPU.ActiveCfg = Debug|Any CPU
		{F5410C5E-C0B3-4A6C-A7FC-83A12E98115D}.Debug|Any CPU.Build.0 = Debug|Any CPU
		{F5410C5E-C0B3-4A6C-A7FC-83A12E98115D}.Release|Any CPU.ActiveCfg = Release|Any CPU
		{F5410C5E-C0B3-4A6C-A7FC-83A12E98115D}.Release|Any CPU.Build.0 = Release|Any CPU
		{03BB691C-C6E7-4B16-B049-49E6E6F06FBC}.Debug|Any CPU.ActiveCfg = Debug|Any CPU
		{03BB691C-C6E7-4B16-B049-49E6E6F06FBC}.Debug|Any CPU.Build.0 = Debug|Any CPU
		{03BB691C-C6E7-4B16-B049-49E6E6F06FBC}.Release|Any CPU.ActiveCfg = Release|Any CPU
		{03BB691C-C6E7-4B16-B049-49E6E6F06FBC}.Release|Any CPU.Build.0 = Release|Any CPU
	EndGlobalSection
	GlobalSection(SolutionProperties) = preSolution
		HideSolutionNode = FALSE
	EndGlobalSection
	GlobalSection(NestedProjects) = preSolution
		{6923E445-228E-492E-93BB-03F242CE365D} = {048D2F11-F6E2-4478-9A9F-9DEA2A0BE6D6}
		{A6A6D7F7-7A3C-47E9-B1CB-667B0FB213C9} = {048D2F11-F6E2-4478-9A9F-9DEA2A0BE6D6}
		{2D4C8A4E-9F80-4730-AA3B-F58C55ACD529} = {E28E63A3-F365-42A5-A829-CECA9C50B206}
		{81B032CB-A798-48DE-9C18-34C257263560} = {E28E63A3-F365-42A5-A829-CECA9C50B206}
		{B2F23276-725F-4FDD-A5A0-E12BEB2C9048} = {060A9064-3196-4A36-AC87-FC7BDDF549AA}
		{EA25540D-5A24-4513-A220-47DF3A28D42B} = {060A9064-3196-4A36-AC87-FC7BDDF549AA}
		{F5410C5E-C0B3-4A6C-A7FC-83A12E98115D} = {4A9B0ABC-E557-4DBF-A29B-9F10D6FAAB0B}
		{03BB691C-C6E7-4B16-B049-49E6E6F06FBC} = {4A9B0ABC-E557-4DBF-A29B-9F10D6FAAB0B}
	EndGlobalSection
	GlobalSection(ExtensibilityGlobals) = postSolution
		SolutionGuid = {9FEFA40A-833C-4BC5-AD67-8F499C8A98FD}
	EndGlobalSection
EndGlobal
