
Microsoft Visual Studio Solution File, Format Version 12.00
# Visual Studio Version 17
VisualStudioVersion = 17.9.34701.34
MinimumVisualStudioVersion = 10.0.40219.1
Project("{FAE04EC0-301F-11D3-BF4B-00C04F79EFBC}") = "RestaurantManagementSystem", "RestaurantManagementSystem.csproj", "{B447A800-AEAC-4552-90F4-056B0056F6B5}"
EndProject
Project("{2150E333-8FDC-42A3-9474-1A3956D46DE8}") = "API", "API", "{01D915FC-AD9D-42AE-9C3E-7204F2E26FB3}"
EndProject
Project("{2150E333-8FDC-42A3-9474-1A3956D46DE8}") = "Application", "Application", "{1A983050-1481-4387-970E-9A0AE4FB33E7}"
EndProject
Project("{2150E333-8FDC-42A3-9474-1A3956D46DE8}") = "Domain", "Domain", "{CF8F009B-4086-414F-8A08-7E3ACBA9D40F}"
EndProject
Project("{2150E333-8FDC-42A3-9474-1A3956D46DE8}") = "Infrastucture", "Infrastucture", "{836A46B5-F83B-46B6-B43A-96A4CF820C7B}"
EndProject
Project("{FAE04EC0-301F-11D3-BF4B-00C04F79EFBC}") = "API.Tests", "..\API.Tests\API.Tests.csproj", "{AEBF6738-E315-493B-A188-E748BBD9F068}"
EndProject
Global
	GlobalSection(SolutionConfigurationPlatforms) = preSolution
		Debug|Any CPU = Debug|Any CPU
		Release|Any CPU = Release|Any CPU
	EndGlobalSection
	GlobalSection(ProjectConfigurationPlatforms) = postSolution
		{B447A800-AEAC-4552-90F4-056B0056F6B5}.Debug|Any CPU.ActiveCfg = Debug|Any CPU
		{B447A800-AEAC-4552-90F4-056B0056F6B5}.Debug|Any CPU.Build.0 = Debug|Any CPU
		{B447A800-AEAC-4552-90F4-056B0056F6B5}.Release|Any CPU.ActiveCfg = Release|Any CPU
		{B447A800-AEAC-4552-90F4-056B0056F6B5}.Release|Any CPU.Build.0 = Release|Any CPU
		{AEBF6738-E315-493B-A188-E748BBD9F068}.Debug|Any CPU.ActiveCfg = Debug|Any CPU
		{AEBF6738-E315-493B-A188-E748BBD9F068}.Debug|Any CPU.Build.0 = Debug|Any CPU
		{AEBF6738-E315-493B-A188-E748BBD9F068}.Release|Any CPU.ActiveCfg = Release|Any CPU
		{AEBF6738-E315-493B-A188-E748BBD9F068}.Release|Any CPU.Build.0 = Release|Any CPU
	EndGlobalSection
	GlobalSection(SolutionProperties) = preSolution
		HideSolutionNode = FALSE
	EndGlobalSection
	GlobalSection(NestedProjects) = preSolution
		{B447A800-AEAC-4552-90F4-056B0056F6B5} = {01D915FC-AD9D-42AE-9C3E-7204F2E26FB3}
		{AEBF6738-E315-493B-A188-E748BBD9F068} = {01D915FC-AD9D-42AE-9C3E-7204F2E26FB3}
	EndGlobalSection
	GlobalSection(ExtensibilityGlobals) = postSolution
		SolutionGuid = {826E748A-8885-4EBD-91D5-BA4BCB408B6A}
	EndGlobalSection
EndGlobal
